# THIS IS AN AUTOGENERATED FILE. DO NOT EDIT THIS FILE DIRECTLY.
# yarn lockfile v1


esbuild@^0.11.15:
  version "0.11.15"
  resolved "https://registry.yarnpkg.com/esbuild/-/esbuild-0.11.15.tgz#d92250e1755294f84bc7a83ed191e60baadf7b6a"
  integrity sha512-Hh40byWZZgYbiLhcoOWiOUIy8yUYQeCEA4F9feWytToD2jGfJ1X4VPf5dsqj6vRL29H3YmFqZsxIJa5q0ifB3g==
